# Generated by pub
# See https://dart.dev/tools/pub/glossary#lockfile
packages:
  characters:
    dependency: transitive
    description:
      name: characters
      sha256: f71061c654a3380576a52b451dd5532377954cf9dbd272a78fc8479606670803
      url: "https://pub.dev"
    source: hosted
    version: "1.4.0"
  collection:
    dependency: transitive
    description:
      name: collection
      sha256: "2f5709ae4d3d59dd8f7cd309b4e023046b57d8a6c82130785d2b0e5868084e76"
      url: "https://pub.dev"
    source: hosted
    version: "1.19.1"
  crypto:
    dependency: transitive
    description:
      name: crypto
      sha256: c8ea0233063ba03258fbcf2ca4d6dadfefe14f02fab57702265467a19f27fadf
      url: "https://pub.dev"
    source: hosted
    version: "3.0.7"
  ffi:
    dependency: transitive
    description:
      name: ffi
      sha256: "289279317b4b16eb2bb7e271abccd4bf84ec9bdcbe999e278a94b804f5630418"
      url: "https://pub.dev"
    source: hosted
    version: "2.1.4"
  fixnum:
    dependency: transitive
    description:
      name: fixnum
      sha256: b6dc7065e46c974bc7c5f143080a6764ec7a4be6da1285ececdc37be96de53be
      url: "https://pub.dev"
    source: hosted
    version: "1.1.1"
  flutter:
    dependency: "direct main"
    description: flutter
    source: sdk
    version: "0.0.0"
  flutter_lints:
    dependency: "direct dev"
    description:
      name: flutter_lints
      sha256: "5398f14efa795ffb7a33e9b6a08798b26a180edac4ad7db3f231e40f82ce11e1"
      url: "https://pub.dev"
    source: hosted
    version: "5.0.0"
  flutter_web_plugins:
    dependency: transitive
    description: flutter
    source: sdk
    version: "0.0.0"
  lints:
    dependency: transitive
    description:
      name: lints
      sha256: c35bb79562d980e9a453fc715854e1ed39e24e7d0297a880ef54e17f9874a9d7
      url: "https://pub.dev"
    source: hosted
    version: "5.1.1"
  material_color_utilities:
    dependency: transitive
    description:
      name: material_color_utilities
      sha256: "9c337007e82b1889149c82ed242ed1cb24a66044e30979c44912381e9be4c48b"
      url: "https://pub.dev"
    source: hosted
    version: "0.13.0"
  meta:
    dependency: transitive
    description:
      name: meta
      sha256: "23f08335362185a5ea2ad3a4e597f1375e78bce8a040df5c600c8d3552ef2394"
      url: "https://pub.dev"
    source: hosted
    version: "1.17.0"
  plugin_platform_interface:
    dependency: transitive
    description:
      name: plugin_platform_interface
      sha256: "4820fbfdb9478b1ebae27888254d445073732dae3d6ea81f0b7e06d5dedc3f02"
      url: "https://pub.dev"
    source: hosted
    version: "2.1.8"
  sky_engine:
    dependency: transitive
    description: flutter
    source: sdk
    version: "0.0.0"
  steam_notifications:
    dependency: "direct main"
    description:
      path: ".."
      relative: true
    source: path
    version: "0.1.0"
  typed_data:
    dependency: transitive
    description:
      name: typed_data
      sha256: f9049c039ebfeb4cf7a7104a675823cd72dba8297f264b6637062516699fa006
      url: "https://pub.dev"
    source: hosted
    version: "1.4.0"
  uuid:
    dependency: transitive
    description:
      name: uuid
      sha256: a11b666489b1954e01d992f3d601b1804a33937b5a8fe677bd26b8a9f96f96e8
      url: "https://pub.dev"
    source: hosted
    version: "4.5.2"
  vector_math:
    dependency: transitive
    description:
      name: vector_math
      sha256: d530bd74fea330e6e364cda7a85019c434070188383e1cd8d9777ee586914c5b
      url: "https://pub.dev"
    source: hosted
    version: "2.2.0"
  window_decoration:
    dependency: transitive
    description:
      path: "packages/window_decoration"
      ref: HEAD
      resolved-ref: "36c0c0e4e7ed91ad22051f120f7812d6c5638ba3"
      url: "https://github.com/rkishan516/window_decoration.git"
    source: git
    version: "0.1.0"
  window_decoration_linux:
    dependency: transitive
    description:
      path: "packages/window_decoration_linux"
      ref: "36c0c0e4e7ed91ad22051f120f7812d6c5638ba3"
      resolved-ref: "36c0c0e4e7ed91ad22051f120f7812d6c5638ba3"
      url: "https://github.com/rkishan516/window_decoration.git"
    source: git
    version: "0.1.0"
  window_decoration_macos:
    dependency: transitive
    description:
      path: "packages/window_decoration_macos"
      ref: "36c0c0e4e7ed91ad22051f120f7812d6c5638ba3"
      resolved-ref: "36c0c0e4e7ed91ad22051f120f7812d6c5638ba3"
      url: "https://github.com/rkishan516/window_decoration.git"
    source: git
    version: "0.1.0"
  window_decoration_platform_interface:
    dependency: transitive
    description:
      path: "packages/window_decoration_platform_interface"
      ref: "36c0c0e4e7ed91ad22051f120f7812d6c5638ba3"
      resolved-ref: "36c0c0e4e7ed91ad22051f120f7812d6c5638ba3"
      url: "https://github.com/rkishan516/window_decoration.git"
    source: git
    version: "0.1.0"
  window_decoration_web:
    dependency: transitive
    description:
      path: "packages/window_decoration_web"
      ref: "36c0c0e4e7ed91ad22051f120f7812d6c5638ba3"
      resolved-ref: "36c0c0e4e7ed91ad22051f120f7812d6c5638ba3"
      url: "https://github.com/rkishan516/window_decoration.git"
    source: git
    version: "0.1.0"
  window_decoration_windows:
    dependency: transitive
    description:
      path: "packages/window_decoration_windows"
      ref: "36c0c0e4e7ed91ad22051f120f7812d6c5638ba3"
      resolved-ref: "36c0c0e4e7ed91ad22051f120f7812d6c5638ba3"
      url: "https://github.com/rkishan516/window_decoration.git"
    source: git
    version: "0.1.0"
sdks:
  dart: ">=3.10.0 <4.0.0"
  flutter: ">=3.38.1"
